
Microsoft Visual Studio Solution File, Format Version 12.00
# Visual Studio 15
VisualStudioVersion = 15.0.26730.12
MinimumVisualStudioVersion = 10.0.40219.1
Project("{E24C65DC-7377-472B-9ABA-BC803B73C61A}") = "TypeScript", "..\..\WebSites\TypeScript\", "{CAD080DB-6A5F-4265-8F49-D255AE33295A}"
	ProjectSection(WebsiteProperties) = preProject
		TargetFrameworkMoniker = ".NETFramework,Version%3Dv4.6.1"
		Debug.AspNetCompiler.VirtualPath = "/localhost_52669"
		Debug.AspNetCompiler.PhysicalPath = "..\..\WebSites\TypeScript\"
		Debug.AspNetCompiler.TargetPath = "PrecompiledWeb\localhost_52669\"
		Debug.AspNetCompiler.Updateable = "true"
		Debug.AspNetCompiler.ForceOverwrite = "true"
		Debug.AspNetCompiler.FixedNames = "false"
		Debug.AspNetCompiler.Debug = "True"
		Release.AspNetCompiler.VirtualPath = "/localhost_52669"
		Release.AspNetCompiler.PhysicalPath = "..\..\WebSites\TypeScript\"
		Release.AspNetCompiler.TargetPath = "PrecompiledWeb\localhost_52669\"
		Release.AspNetCompiler.Updateable = "true"
		Release.AspNetCompiler.ForceOverwrite = "true"
		Release.AspNetCompiler.FixedNames = "false"
		Release.AspNetCompiler.Debug = "False"
		VWDPort = "52669"
		SlnRelativePath = "..\..\WebSites\TypeScript\"
		DefaultWebSiteLanguage = "Visual C#"
	EndProjectSection
EndProject
Global
	GlobalSection(SolutionConfigurationPlatforms) = preSolution
		Debug|Any CPU = Debug|Any CPU
	EndGlobalSection
	GlobalSection(ProjectConfigurationPlatforms) = postSolution
		{CAD080DB-6A5F-4265-8F49-D255AE33295A}.Debug|Any CPU.ActiveCfg = Debug|Any CPU
		{CAD080DB-6A5F-4265-8F49-D255AE33295A}.Debug|Any CPU.Build.0 = Debug|Any CPU
	EndGlobalSection
	GlobalSection(SolutionProperties) = preSolution
		HideSolutionNode = FALSE
	EndGlobalSection
	GlobalSection(ExtensibilityGlobals) = postSolution
		SolutionGuid = {C73B5810-0870-47B4-B8B4-915A9484C11C}
	EndGlobalSection
EndGlobal
